// !$*UTF8*$!
{
	archiveVersion = 1;
	classes = {};
	objectVersion = 56;
	objects = {

/* Begin PBXBuildFile section */
		A001 /* AppDelegate.swift in Sources */ = {isa = PBXBuildFile; fileRef = C001 /* AppDelegate.swift */; };
		A002 /* AppModel.swift in Sources */ = {isa = PBXBuildFile; fileRef = C002 /* AppModel.swift */; };
		A003 /* DesignSystem.swift in Sources */ = {isa = PBXBuildFile; fileRef = C003 /* DesignSystem.swift */; };
		A004 /* Eye202020App.swift in Sources */ = {isa = PBXBuildFile; fileRef = C004 /* Eye202020App.swift */; };
		A005 /* RootView.swift in Sources */ = {isa = PBXBuildFile; fileRef = C005 /* RootView.swift */; };
		A006 /* DailyStatistics.swift in Sources */ = {isa = PBXBuildFile; fileRef = C006 /* DailyStatistics.swift */; };
		A007 /* ReminderEngine.swift in Sources */ = {isa = PBXBuildFile; fileRef = C007 /* ReminderEngine.swift */; };
		A008 /* ReminderPhase.swift in Sources */ = {isa = PBXBuildFile; fileRef = C008 /* ReminderPhase.swift */; };
		A009 /* ReminderSettings.swift in Sources */ = {isa = PBXBuildFile; fileRef = C009 /* ReminderSettings.swift */; };
		A010 /* LaunchAtLoginService.swift in Sources */ = {isa = PBXBuildFile; fileRef = C010 /* LaunchAtLoginService.swift */; };
		A011 /* NotificationService.swift in Sources */ = {isa = PBXBuildFile; fileRef = C011 /* NotificationService.swift */; };
		A012 /* PersistenceStores.swift in Sources */ = {isa = PBXBuildFile; fileRef = C012 /* PersistenceStores.swift */; };
		A013 /* SystemActivityMonitor.swift in Sources */ = {isa = PBXBuildFile; fileRef = C013 /* SystemActivityMonitor.swift */; };
		A014 /* AboutView.swift in Sources */ = {isa = PBXBuildFile; fileRef = C014 /* AboutView.swift */; };
		A015 /* MenuBarView.swift in Sources */ = {isa = PBXBuildFile; fileRef = C015 /* MenuBarView.swift */; };
		A016 /* OverviewView.swift in Sources */ = {isa = PBXBuildFile; fileRef = C016 /* OverviewView.swift */; };
		A017 /* RestView.swift in Sources */ = {isa = PBXBuildFile; fileRef = C017 /* RestView.swift */; };
		A018 /* SettingsView.swift in Sources */ = {isa = PBXBuildFile; fileRef = C018 /* SettingsView.swift */; };
		A019 /* StatisticsView.swift in Sources */ = {isa = PBXBuildFile; fileRef = C019 /* StatisticsView.swift */; };
		A020 /* Assets.xcassets in Resources */ = {isa = PBXBuildFile; fileRef = C020 /* Assets.xcassets */; };
		B001 /* ReminderEngineTests.swift in Sources */ = {isa = PBXBuildFile; fileRef = C021 /* ReminderEngineTests.swift */; };
		B002 /* PersistenceStoresTests.swift in Sources */ = {isa = PBXBuildFile; fileRef = C022 /* PersistenceStoresTests.swift */; };
		B003 /* AppModelTests.swift in Sources */ = {isa = PBXBuildFile; fileRef = C023 /* AppModelTests.swift */; };
/* End PBXBuildFile section */

/* Begin PBXContainerItemProxy section */
		B100 /* PBXContainerItemProxy */ = {
			isa = PBXContainerItemProxy;
			containerPortal = P001 /* Project object */;
			proxyType = 1;
			remoteGlobalIDString = T001;
			remoteInfo = Eye202020;
		};
/* End PBXContainerItemProxy section */

/* Begin PBXFileReference section */
		C001 /* AppDelegate.swift */ = {isa = PBXFileReference; lastKnownFileType = sourcecode.swift; path = AppDelegate.swift; sourceTree = "<group>"; };
		C002 /* AppModel.swift */ = {isa = PBXFileReference; lastKnownFileType = sourcecode.swift; path = AppModel.swift; sourceTree = "<group>"; };
		C003 /* DesignSystem.swift */ = {isa = PBXFileReference; lastKnownFileType = sourcecode.swift; path = DesignSystem.swift; sourceTree = "<group>"; };
		C004 /* Eye202020App.swift */ = {isa = PBXFileReference; lastKnownFileType = sourcecode.swift; path = Eye202020App.swift; sourceTree = "<group>"; };
		C005 /* RootView.swift */ = {isa = PBXFileReference; lastKnownFileType = sourcecode.swift; path = RootView.swift; sourceTree = "<group>"; };
		C006 /* DailyStatistics.swift */ = {isa = PBXFileReference; lastKnownFileType = sourcecode.swift; path = DailyStatistics.swift; sourceTree = "<group>"; };
		C007 /* ReminderEngine.swift */ = {isa = PBXFileReference; lastKnownFileType = sourcecode.swift; path = ReminderEngine.swift; sourceTree = "<group>"; };
		C008 /* ReminderPhase.swift */ = {isa = PBXFileReference; lastKnownFileType = sourcecode.swift; path = ReminderPhase.swift; sourceTree = "<group>"; };
		C009 /* ReminderSettings.swift */ = {isa = PBXFileReference; lastKnownFileType = sourcecode.swift; path = ReminderSettings.swift; sourceTree = "<group>"; };
		C010 /* LaunchAtLoginService.swift */ = {isa = PBXFileReference; lastKnownFileType = sourcecode.swift; path = LaunchAtLoginService.swift; sourceTree = "<group>"; };
		C011 /* NotificationService.swift */ = {isa = PBXFileReference; lastKnownFileType = sourcecode.swift; path = NotificationService.swift; sourceTree = "<group>"; };
		C012 /* PersistenceStores.swift */ = {isa = PBXFileReference; lastKnownFileType = sourcecode.swift; path = PersistenceStores.swift; sourceTree = "<group>"; };
		C013 /* SystemActivityMonitor.swift */ = {isa = PBXFileReference; lastKnownFileType = sourcecode.swift; path = SystemActivityMonitor.swift; sourceTree = "<group>"; };
		C014 /* AboutView.swift */ = {isa = PBXFileReference; lastKnownFileType = sourcecode.swift; path = AboutView.swift; sourceTree = "<group>"; };
		C015 /* MenuBarView.swift */ = {isa = PBXFileReference; lastKnownFileType = sourcecode.swift; path = MenuBarView.swift; sourceTree = "<group>"; };
		C016 /* OverviewView.swift */ = {isa = PBXFileReference; lastKnownFileType = sourcecode.swift; path = OverviewView.swift; sourceTree = "<group>"; };
		C017 /* RestView.swift */ = {isa = PBXFileReference; lastKnownFileType = sourcecode.swift; path = RestView.swift; sourceTree = "<group>"; };
		C018 /* SettingsView.swift */ = {isa = PBXFileReference; lastKnownFileType = sourcecode.swift; path = SettingsView.swift; sourceTree = "<group>"; };
		C019 /* StatisticsView.swift */ = {isa = PBXFileReference; lastKnownFileType = sourcecode.swift; path = StatisticsView.swift; sourceTree = "<group>"; };
		C020 /* Assets.xcassets */ = {isa = PBXFileReference; lastKnownFileType = folder.assetcatalog; path = Assets.xcassets; sourceTree = "<group>"; };
		C021 /* ReminderEngineTests.swift */ = {isa = PBXFileReference; lastKnownFileType = sourcecode.swift; path = ReminderEngineTests.swift; sourceTree = "<group>"; };
		C022 /* PersistenceStoresTests.swift */ = {isa = PBXFileReference; lastKnownFileType = sourcecode.swift; path = PersistenceStoresTests.swift; sourceTree = "<group>"; };
		C023 /* AppModelTests.swift */ = {isa = PBXFileReference; lastKnownFileType = sourcecode.swift; path = AppModelTests.swift; sourceTree = "<group>"; };
		C100 /* EyeBreak 20-20-20.app */ = {isa = PBXFileReference; explicitFileType = wrapper.application; includeInIndex = 0; path = "EyeBreak 20-20-20.app"; sourceTree = BUILT_PRODUCTS_DIR; };
		C101 /* Eye202020Tests.xctest */ = {isa = PBXFileReference; explicitFileType = wrapper.cfbundle; includeInIndex = 0; path = Eye202020Tests.xctest; sourceTree = BUILT_PRODUCTS_DIR; };
/* End PBXFileReference section */

/* Begin PBXFrameworksBuildPhase section */
		F001 /* Frameworks */ = {isa = PBXFrameworksBuildPhase; buildActionMask = 2147483647; files = (); runOnlyForDeploymentPostprocessing = 0; };
		F002 /* Frameworks */ = {isa = PBXFrameworksBuildPhase; buildActionMask = 2147483647; files = (); runOnlyForDeploymentPostprocessing = 0; };
/* End PBXFrameworksBuildPhase section */

/* Begin PBXGroup section */
		G000 = {
			isa = PBXGroup;
			children = (G001 /* Eye202020 */, G010 /* Eye202020Tests */, G011 /* Products */);
			sourceTree = "<group>";
		};
		G001 /* Eye202020 */ = {
			isa = PBXGroup;
			children = (G002 /* App */, G003 /* Models */, G004 /* Services */, G005 /* Features */, G009 /* Resources */);
			path = Eye202020;
			sourceTree = "<group>";
		};
		G002 /* App */ = {
			isa = PBXGroup;
			children = (C001, C002, C003, C004, C005);
			path = App;
			sourceTree = "<group>";
		};
		G003 /* Models */ = {
			isa = PBXGroup;
			children = (C006, C007, C008, C009);
			path = Models;
			sourceTree = "<group>";
		};
		G004 /* Services */ = {
			isa = PBXGroup;
			children = (C010, C011, C012, C013);
			path = Services;
			sourceTree = "<group>";
		};
		G005 /* Features */ = {
			isa = PBXGroup;
			children = (G006 /* About */, G007 /* MenuBar */, G008 /* Overview */, G012 /* Rest */, G013 /* Settings */, G014 /* Statistics */);
			path = Features;
			sourceTree = "<group>";
		};
		G006 /* About */ = {isa = PBXGroup; children = (C014); path = About; sourceTree = "<group>"; };
		G007 /* MenuBar */ = {isa = PBXGroup; children = (C015); path = MenuBar; sourceTree = "<group>"; };
		G008 /* Overview */ = {isa = PBXGroup; children = (C016); path = Overview; sourceTree = "<group>"; };
		G009 /* Resources */ = {isa = PBXGroup; children = (C020); path = Resources; sourceTree = "<group>"; };
		G010 /* Eye202020Tests */ = {isa = PBXGroup; children = (C021, C022, C023); path = Eye202020Tests; sourceTree = "<group>"; };
		G011 /* Products */ = {isa = PBXGroup; children = (C100, C101); name = Products; sourceTree = "<group>"; };
		G012 /* Rest */ = {isa = PBXGroup; children = (C017); path = Rest; sourceTree = "<group>"; };
		G013 /* Settings */ = {isa = PBXGroup; children = (C018); path = Settings; sourceTree = "<group>"; };
		G014 /* Statistics */ = {isa = PBXGroup; children = (C019); path = Statistics; sourceTree = "<group>"; };
/* End PBXGroup section */

/* Begin PBXNativeTarget section */
		T001 /* Eye202020 */ = {
			isa = PBXNativeTarget;
			buildConfigurationList = L002 /* Build configuration list for PBXNativeTarget "Eye202020" */;
			buildPhases = (S001 /* Sources */, F001 /* Frameworks */, R001 /* Resources */);
			buildRules = ();
			dependencies = ();
			name = Eye202020;
			productName = "EyeBreak 20-20-20";
			productReference = C100 /* EyeBreak 20-20-20.app */;
			productType = "com.apple.product-type.application";
		};
		T002 /* Eye202020Tests */ = {
			isa = PBXNativeTarget;
			buildConfigurationList = L003 /* Build configuration list for PBXNativeTarget "Eye202020Tests" */;
			buildPhases = (S002 /* Sources */, F002 /* Frameworks */, R002 /* Resources */);
			buildRules = ();
			dependencies = (B101 /* PBXTargetDependency */);
			name = Eye202020Tests;
			productName = Eye202020Tests;
			productReference = C101 /* Eye202020Tests.xctest */;
			productType = "com.apple.product-type.bundle.unit-test";
		};
/* End PBXNativeTarget section */

/* Begin PBXProject section */
		P001 /* Project object */ = {
			isa = PBXProject;
			attributes = {
				BuildIndependentTargetsInParallel = 1;
				LastSwiftUpdateCheck = 1600;
				LastUpgradeCheck = 1600;
				TargetAttributes = {
					T001 = {CreatedOnToolsVersion = 16.0; };
					T002 = {CreatedOnToolsVersion = 16.0; TestTargetID = T001; };
				};
			};
			buildConfigurationList = L001 /* Build configuration list for PBXProject "Eye202020" */;
			compatibilityVersion = "Xcode 14.0";
			developmentRegion = zh-Hans;
			hasScannedForEncodings = 0;
			knownRegions = (Base, "zh-Hans", en);
			mainGroup = G000;
			productRefGroup = G011 /* Products */;
			projectDirPath = "";
			projectRoot = "";
			targets = (T001 /* Eye202020 */, T002 /* Eye202020Tests */);
		};
/* End PBXProject section */

/* Begin PBXResourcesBuildPhase section */
		R001 /* Resources */ = {isa = PBXResourcesBuildPhase; buildActionMask = 2147483647; files = (A020 /* Assets.xcassets in Resources */); runOnlyForDeploymentPostprocessing = 0; };
		R002 /* Resources */ = {isa = PBXResourcesBuildPhase; buildActionMask = 2147483647; files = (); runOnlyForDeploymentPostprocessing = 0; };
/* End PBXResourcesBuildPhase section */

/* Begin PBXSourcesBuildPhase section */
		S001 /* Sources */ = {
			isa = PBXSourcesBuildPhase;
			buildActionMask = 2147483647;
			files = (A001, A002, A003, A004, A005, A006, A007, A008, A009, A010, A011, A012, A013, A014, A015, A016, A017, A018, A019);
			runOnlyForDeploymentPostprocessing = 0;
		};
		S002 /* Sources */ = {isa = PBXSourcesBuildPhase; buildActionMask = 2147483647; files = (B001, B002, B003); runOnlyForDeploymentPostprocessing = 0; };
/* End PBXSourcesBuildPhase section */

/* Begin PBXTargetDependency section */
		B101 /* PBXTargetDependency */ = {isa = PBXTargetDependency; target = T001 /* Eye202020 */; targetProxy = B100 /* PBXContainerItemProxy */; };
/* End PBXTargetDependency section */

/* Begin XCBuildConfiguration section */
		D001 /* Debug */ = {
			isa = XCBuildConfiguration;
			buildSettings = {
				ALWAYS_SEARCH_USER_PATHS = NO;
				CLANG_ENABLE_MODULES = YES;
				CLANG_ENABLE_OBJC_ARC = YES;
				CLANG_WARN_DOCUMENTATION_COMMENTS = YES;
				CLANG_WARN_QUOTED_INCLUDE_IN_FRAMEWORK_HEADER = YES;
				COPY_PHASE_STRIP = NO;
				DEBUG_INFORMATION_FORMAT = dwarf;
				ENABLE_TESTABILITY = YES;
				GCC_C_LANGUAGE_STANDARD = gnu17;
				GCC_OPTIMIZATION_LEVEL = 0;
				MACOSX_DEPLOYMENT_TARGET = 14.0;
				ONLY_ACTIVE_ARCH = YES;
				SDKROOT = macosx;
				SWIFT_ACTIVE_COMPILATION_CONDITIONS = DEBUG;
				SWIFT_OPTIMIZATION_LEVEL = "-Onone";
		};
			name = Debug;
		};
		D002 /* Release */ = {
			isa = XCBuildConfiguration;
			buildSettings = {
				ALWAYS_SEARCH_USER_PATHS = NO;
				CLANG_ENABLE_MODULES = YES;
				CLANG_ENABLE_OBJC_ARC = YES;
				CLANG_WARN_DOCUMENTATION_COMMENTS = YES;
				COPY_PHASE_STRIP = NO;
				DEBUG_INFORMATION_FORMAT = "dwarf-with-dsym";
				ENABLE_NS_ASSERTIONS = NO;
				GCC_C_LANGUAGE_STANDARD = gnu17;
				MACOSX_DEPLOYMENT_TARGET = 14.0;
				SDKROOT = macosx;
				SWIFT_COMPILATION_MODE = wholemodule;
				SWIFT_OPTIMIZATION_LEVEL = "-O";
		};
			name = Release;
		};
		D003 /* Debug */ = {
			isa = XCBuildConfiguration;
			buildSettings = {
				ASSETCATALOG_COMPILER_ACCENT_COLOR_NAME = AccentColor;
				ASSETCATALOG_COMPILER_APPICON_NAME = AppIcon;
				CODE_SIGN_STYLE = Automatic;
				CURRENT_PROJECT_VERSION = 1;
				ENABLE_HARDENED_RUNTIME = YES;
				GENERATE_INFOPLIST_FILE = YES;
				INFOPLIST_KEY_CFBundleDisplayName = "EyeBreak 20-20-20";
				INFOPLIST_KEY_LSApplicationCategoryType = "public.app-category.healthcare-fitness";
				MARKETING_VERSION = 1.0.0;
				PRODUCT_BUNDLE_IDENTIFIER = com.local.eye202020;
				PRODUCT_MODULE_NAME = Eye202020;
				PRODUCT_NAME = "EyeBreak 20-20-20";
				SWIFT_EMIT_LOC_STRINGS = YES;
				SWIFT_VERSION = 5.0;
		};
			name = Debug;
		};
		D004 /* Release */ = {
			isa = XCBuildConfiguration;
			buildSettings = {
				ASSETCATALOG_COMPILER_ACCENT_COLOR_NAME = AccentColor;
				ASSETCATALOG_COMPILER_APPICON_NAME = AppIcon;
				CODE_SIGN_STYLE = Automatic;
				CURRENT_PROJECT_VERSION = 1;
				ENABLE_HARDENED_RUNTIME = YES;
				GENERATE_INFOPLIST_FILE = YES;
				INFOPLIST_KEY_CFBundleDisplayName = "EyeBreak 20-20-20";
				INFOPLIST_KEY_LSApplicationCategoryType = "public.app-category.healthcare-fitness";
				MARKETING_VERSION = 1.0.0;
				PRODUCT_BUNDLE_IDENTIFIER = com.local.eye202020;
				PRODUCT_MODULE_NAME = Eye202020;
				PRODUCT_NAME = "EyeBreak 20-20-20";
				SWIFT_EMIT_LOC_STRINGS = YES;
				SWIFT_VERSION = 5.0;
			};
			name = Release;
		};
		D005 /* Debug */ = {
			isa = XCBuildConfiguration;
			buildSettings = {
				BUNDLE_LOADER = "$(TEST_HOST)";
				CODE_SIGN_STYLE = Automatic;
				GENERATE_INFOPLIST_FILE = YES;
				PRODUCT_BUNDLE_IDENTIFIER = com.local.eye202020.tests;
				PRODUCT_NAME = "$(TARGET_NAME)";
				SWIFT_VERSION = 5.0;
				TEST_HOST = "$(BUILT_PRODUCTS_DIR)/EyeBreak 20-20-20.app/Contents/MacOS/EyeBreak 20-20-20";
		};
			name = Debug;
		};
		D006 /* Release */ = {
			isa = XCBuildConfiguration;
			buildSettings = {
				BUNDLE_LOADER = "$(TEST_HOST)";
				CODE_SIGN_STYLE = Automatic;
				GENERATE_INFOPLIST_FILE = YES;
				PRODUCT_BUNDLE_IDENTIFIER = com.local.eye202020.tests;
				PRODUCT_NAME = "$(TARGET_NAME)";
				SWIFT_VERSION = 5.0;
				TEST_HOST = "$(BUILT_PRODUCTS_DIR)/EyeBreak 20-20-20.app/Contents/MacOS/EyeBreak 20-20-20";
			};
			name = Release;
		};
/* End XCBuildConfiguration section */

/* Begin XCConfigurationList section */
		L001 /* Build configuration list for PBXProject "Eye202020" */ = {isa = XCConfigurationList; buildConfigurations = (D001, D002); defaultConfigurationIsVisible = 0; defaultConfigurationName = Release; };
		L002 /* Build configuration list for PBXNativeTarget "Eye202020" */ = {isa = XCConfigurationList; buildConfigurations = (D003, D004); defaultConfigurationIsVisible = 0; defaultConfigurationName = Release; };
		L003 /* Build configuration list for PBXNativeTarget "Eye202020Tests" */ = {isa = XCConfigurationList; buildConfigurations = (D005, D006); defaultConfigurationIsVisible = 0; defaultConfigurationName = Release; };
/* End XCConfigurationList section */
	};
	rootObject = P001 /* Project object */;
}
